// !$*UTF8*$!
{
	archiveVersion = 1;
	classes = {
	};
	objectVersion = 77;
	objects = {

/* Begin PBXContainerItemProxy section */
		E860FB482CC922AD0019A5CE /* PBXContainerItemProxy */ = {
			isa = PBXContainerItemProxy;
			containerPortal = E860FB2F2CC922AB0019A5CE /* Project object */;
			proxyType = 1;
			remoteGlobalIDString = E860FB362CC922AB0019A5CE;
			remoteInfo = ModernaSwiftv4;
		};
		E860FB522CC922AD0019A5CE /* PBXContainerItemProxy */ = {
			isa = PBXContainerItemProxy;
			containerPortal = E860FB2F2CC922AB0019A5CE /* Project object */;
			proxyType = 1;
			remoteGlobalIDString = E860FB362CC922AB0019A5CE;
			remoteInfo = ModernaSwiftv4;
		};
/* End PBXContainerItemProxy section */

/* Begin PBXFileReference section */
		E860FB372CC922AB0019A5CE /* ModernaSwiftv4.app */ = {isa = PBXFileReference; explicitFileType = wrapper.application; includeInIndex = 0; path = ModernaSwiftv4.app; sourceTree = BUILT_PRODUCTS_DIR; };
		E860FB472CC922AD0019A5CE /* ModernaSwiftv4Tests.xctest */ = {isa = PBXFileReference; explicitFileType = wrapper.cfbundle; includeInIndex = 0; path = ModernaSwiftv4Tests.xctest; sourceTree = BUILT_PRODUCTS_DIR; };
		E860FB512CC922AD0019A5CE /* ModernaSwiftv4UITests.xctest */ = {isa = PBXFileReference; explicitFileType = wrapper.cfbundle; includeInIndex = 0; path = ModernaSwiftv4UITests.xctest; sourceTree = BUILT_PRODUCTS_DIR; };
/* End PBXFileReference section */

/* Begin PBXFileSystemSynchronizedRootGroup section */
		E860FB392CC922AB0019A5CE /* ModernaSwiftv4 */ = {
			isa = PBXFileSystemSynchronizedRootGroup;
			path = ModernaSwiftv4;
			sourceTree = "<group>";
		};
		E860FB4A2CC922AD0019A5CE /* ModernaSwiftv4Tests */ = {
			isa = PBXFileSystemSynchronizedRootGroup;
			path = ModernaSwiftv4Tests;
			sourceTree = "<group>";
		};
		E860FB542CC922AD0019A5CE /* ModernaSwiftv4UITests */ = {
			isa = PBXFileSystemSynchronizedRootGroup;
			path = ModernaSwiftv4UITests;
			sourceTree = "<group>";
		};
/* End PBXFileSystemSynchronizedRootGroup section */

/* Begin PBXFrameworksBuildPhase section */
		E860FB342CC922AB0019A5CE /* Frameworks */ = {
			isa = PBXFrameworksBuildPhase;
			buildActionMask = 2147483647;
			files = (
			);
			runOnlyForDeploymentPostprocessing = 0;
		};
		E860FB442CC922AD0019A5CE /* Frameworks */ = {
			isa = PBXFrameworksBuildPhase;
			buildActionMask = 2147483647;
			files = (
			);
			runOnlyForDeploymentPostprocessing = 0;
		};
		E860FB4E2CC922AD0019A5CE /* Frameworks */ = {
			isa = PBXFrameworksBuildPhase;
			buildActionMask = 2147483647;
			files = (
			);
			runOnlyForDeploymentPostprocessing = 0;
		};
/* End PBXFrameworksBuildPhase section */

/* Begin PBXGroup section */
		E860FB2E2CC922AB0019A5CE = {
			isa = PBXGroup;
			children = (
				E860FB392CC922AB0019A5CE /* ModernaSwiftv4 */,
				E860FB4A2CC922AD0019A5CE /* ModernaSwiftv4Tests */,
				E860FB542CC922AD0019A5CE /* ModernaSwiftv4UITests */,
				E860FB382CC922AB0019A5CE /* Products */,
			);
			sourceTree = "<group>";
		};
		E860FB382CC922AB0019A5CE /* Products */ = {
			isa = PBXGroup;
			children = (
				E860FB372CC922AB0019A5CE /* ModernaSwiftv4.app */,
				E860FB472CC922AD0019A5CE /* ModernaSwiftv4Tests.xctest */,
				E860FB512CC922AD0019A5CE /* ModernaSwiftv4UITests.xctest */,
			);
			name = Products;
			sourceTree = "<group>";
		};
/* End PBXGroup section */

/* Begin PBXNativeTarget section */
		E860FB362CC922AB0019A5CE /* ModernaSwiftv4 */ = {
			isa = PBXNativeTarget;
			buildConfigurationList = E860FB5B2CC922AD0019A5CE /* Build configuration list for PBXNativeTarget "ModernaSwiftv4" */;
			buildPhases = (
				E860FB332CC922AB0019A5CE /* Sources */,
				E860FB342CC922AB0019A5CE /* Frameworks */,
				E860FB352CC922AB0019A5CE /* Resources */,
			);
			buildRules = (
			);
			dependencies = (
			);
			fileSystemSynchronizedGroups = (
				E860FB392CC922AB0019A5CE /* ModernaSwiftv4 */,
			);
			name = ModernaSwiftv4;
			packageProductDependencies = (
			);
			productName = ModernaSwiftv4;
			productReference = E860FB372CC922AB0019A5CE /* ModernaSwiftv4.app */;
			productType = "com.apple.product-type.application";
		};
		E860FB462CC922AD0019A5CE /* ModernaSwiftv4Tests */ = {
			isa = PBXNativeTarget;
			buildConfigurationList = E860FB5E2CC922AD0019A5CE /* Build configuration list for PBXNativeTarget "ModernaSwiftv4Tests" */;
			buildPhases = (
				E860FB432CC922AD0019A5CE /* Sources */,
				E860FB442CC922AD0019A5CE /* Frameworks */,
				E860FB452CC922AD0019A5CE /* Resources */,
			);
			buildRules = (
			);
			dependencies = (
				E860FB492CC922AD0019A5CE /* PBXTargetDependency */,
			);
			fileSystemSynchronizedGroups = (
				E860FB4A2CC922AD0019A5CE /* ModernaSwiftv4Tests */,
			);
			name = ModernaSwiftv4Tests;
			packageProductDependencies = (
			);
			productName = ModernaSwiftv4Tests;
			productReference = E860FB472CC922AD0019A5CE /* ModernaSwiftv4Tests.xctest */;
			productType = "com.apple.product-type.bundle.unit-test";
		};
		E860FB502CC922AD0019A5CE /* ModernaSwiftv4UITests */ = {
			isa = PBXNativeTarget;
			buildConfigurationList = E860FB612CC922AD0019A5CE /* Build configuration list for PBXNativeTarget "ModernaSwiftv4UITests" */;
			buildPhases = (
				E860FB4D2CC922AD0019A5CE /* Sources */,
				E860FB4E2CC922AD0019A5CE /* Frameworks */,
				E860FB4F2CC922AD0019A5CE /* Resources */,
			);
			buildRules = (
			);
			dependencies = (
				E860FB532CC922AD0019A5CE /* PBXTargetDependency */,
			);
			fileSystemSynchronizedGroups = (
				E860FB542CC922AD0019A5CE /* ModernaSwiftv4UITests */,
			);
			name = ModernaSwiftv4UITests;
			packageProductDependencies = (
			);
			productName = ModernaSwiftv4UITests;
			productReference = E860FB512CC922AD0019A5CE /* ModernaSwiftv4UITests.xctest */;
			productType = "com.apple.product-type.bundle.ui-testing";
		};
/* End PBXNativeTarget section */

/* Begin PBXProject section */
		E860FB2F2CC922AB0019A5CE /* Project object */ = {
			isa = PBXProject;
			attributes = {
				BuildIndependentTargetsInParallel = 1;
				LastSwiftUpdateCheck = 1600;
				LastUpgradeCheck = 1600;
				TargetAttributes = {
					E860FB362CC922AB0019A5CE = {
						CreatedOnToolsVersion = 16.0;
					};
					E860FB462CC922AD0019A5CE = {
						CreatedOnToolsVersion = 16.0;
						TestTargetID = E860FB362CC922AB0019A5CE;
					};
					E860FB502CC922AD0019A5CE = {
						CreatedOnToolsVersion = 16.0;
						TestTargetID = E860FB362CC922AB0019A5CE;
					};
				};
			};
			buildConfigurationList = E860FB322CC922AB0019A5CE /* Build configuration list for PBXProject "ModernaSwiftv4" */;
			developmentRegion = en;
			hasScannedForEncodings = 0;
			knownRegions = (
				en,
				Base,
			);
			mainGroup = E860FB2E2CC922AB0019A5CE;
			minimizedProjectReferenceProxies = 1;
			preferredProjectObjectVersion = 77;
			productRefGroup = E860FB382CC922AB0019A5CE /* Products */;
			projectDirPath = "";
			projectRoot = "";
			targets = (
				E860FB362CC922AB0019A5CE /* ModernaSwiftv4 */,
				E860FB462CC922AD0019A5CE /* ModernaSwiftv4Tests */,
				E860FB502CC922AD0019A5CE /* ModernaSwiftv4UITests */,
			);
		};
/* End PBXProject section */

/* Begin PBXResourcesBuildPhase section */
		E860FB352CC922AB0019A5CE /* Resources */ = {
			isa = PBXResourcesBuildPhase;
			buildActionMask = 2147483647;
			files = (
			);
			runOnlyForDeploymentPostprocessing = 0;
		};
		E860FB452CC922AD0019A5CE /* Resources */ = {
			isa = PBXResourcesBuildPhase;
			buildActionMask = 2147483647;
			files = (
			);
			runOnlyForDeploymentPostprocessing = 0;
		};
		E860FB4F2CC922AD0019A5CE /* Resources */ = {
			isa = PBXResourcesBuildPhase;
			buildActionMask = 2147483647;
			files = (
			);
			runOnlyForDeploymentPostprocessing = 0;
		};
/* End PBXResourcesBuildPhase section */

/* Begin PBXSourcesBuildPhase section */
		E860FB332CC922AB0019A5CE /* Sources */ = {
			isa = PBXSourcesBuildPhase;
			buildActionMask = 2147483647;
			files = (
			);
			runOnlyForDeploymentPostprocessing = 0;
		};
		E860FB432CC922AD0019A5CE /* Sources */ = {
			isa = PBXSourcesBuildPhase;
			buildActionMask = 2147483647;
			files = (
			);
			runOnlyForDeploymentPostprocessing = 0;
		};
		E860FB4D2CC922AD0019A5CE /* Sources */ = {
			isa = PBXSourcesBuildPhase;
			buildActionMask = 2147483647;
			files = (
			);
			runOnlyForDeploymentPostprocessing = 0;
		};
/* End PBXSourcesBuildPhase section */

/* Begin PBXTargetDependency section */
		E860FB492CC922AD0019A5CE /* PBXTargetDependency */ = {
			isa = PBXTargetDependency;
			target = E860FB362CC922AB0019A5CE /* ModernaSwiftv4 */;
			targetProxy = E860FB482CC922AD0019A5CE /* PBXContainerItemProxy */;
		};
		E860FB532CC922AD0019A5CE /* PBXTargetDependency */ = {
			isa = PBXTargetDependency;
			target = E860FB362CC922AB0019A5CE /* ModernaSwiftv4 */;
			targetProxy = E860FB522CC922AD0019A5CE /* PBXContainerItemProxy */;
		};
/* End PBXTargetDependency section */

/* Begin XCBuildConfiguration section */
		E860FB592CC922AD0019A5CE /* Debug */ = {
			isa = XCBuildConfiguration;
			buildSettings = {
				ALWAYS_SEARCH_USER_PATHS = NO;
				ASSETCATALOG_COMPILER_GENERATE_SWIFT_ASSET_SYMBOL_EXTENSIONS = YES;
				CLANG_ANALYZER_NONNULL = YES;
				CLANG_ANALYZER_NUMBER_OBJECT_CONVERSION = YES_AGGRESSIVE;
				CLANG_CXX_LANGUAGE_STANDARD = "gnu++20";
				CLANG_ENABLE_MODULES = YES;
				CLANG_ENABLE_OBJC_ARC = YES;
				CLANG_ENABLE_OBJC_WEAK = YES;
				CLANG_WARN_BLOCK_CAPTURE_AUTORELEASING = YES;
				CLANG_WARN_BOOL_CONVERSION = YES;
				CLANG_WARN_COMMA = YES;
				CLANG_WARN_CONSTANT_CONVERSION = YES;
				CLANG_WARN_DEPRECATED_OBJC_IMPLEMENTATIONS = YES;
				CLANG_WARN_DIRECT_OBJC_ISA_USAGE = YES_ERROR;
				CLANG_WARN_DOCUMENTATION_COMMENTS = YES;
				CLANG_WARN_EMPTY_BODY = YES;
				CLANG_WARN_ENUM_CONVERSION = YES;
				CLANG_WARN_INFINITE_RECURSION = YES;
				CLANG_WARN_INT_CONVERSION = YES;
				CLANG_WARN_NON_LITERAL_NULL_CONVERSION = YES;
				CLANG_WARN_OBJC_IMPLICIT_RETAIN_SELF = YES;
				CLANG_WARN_OBJC_LITERAL_CONVERSION = YES;
				CLANG_WARN_OBJC_ROOT_CLASS = YES_ERROR;
				CLANG_WARN_QUOTED_INCLUDE_IN_FRAMEWORK_HEADER = YES;
				CLANG_WARN_RANGE_LOOP_ANALYSIS = YES;
				CLANG_WARN_STRICT_PROTOTYPES = YES;
				CLANG_WARN_SUSPICIOUS_MOVE = YES;
				CLANG_WARN_UNGUARDED_AVAILABILITY = YES_AGGRESSIVE;
				CLANG_WARN_UNREACHABLE_CODE = YES;
				CLANG_WARN__DUPLICATE_METHOD_MATCH = YES;
				COPY_PHASE_STRIP = NO;
				DEBUG_INFORMATION_FORMAT = dwarf;
				ENABLE_STRICT_OBJC_MSGSEND = YES;
				ENABLE_TESTABILITY = YES;
				ENABLE_USER_SCRIPT_SANDBOXING = YES;
				GCC_C_LANGUAGE_STANDARD = gnu17;
				GCC_DYNAMIC_NO_PIC = NO;
				GCC_NO_COMMON_BLOCKS = YES;
				GCC_OPTIMIZATION_LEVEL = 0;
				GCC_PREPROCESSOR_DEFINITIONS = (
					"DEBUG=1",
					"$(inherited)",
				);
				GCC_WARN_64_TO_32_BIT_CONVERSION = YES;
				GCC_WARN_ABOUT_RETURN_TYPE = YES_ERROR;
				GCC_WARN_UNDECLARED_SELECTOR = YES;
				GCC_WARN_UNINITIALIZED_AUTOS = YES_AGGRESSIVE;
				GCC_WARN_UNUSED_FUNCTION = YES;
				GCC_WARN_UNUSED_VARIABLE = YES;
				IPHONEOS_DEPLOYMENT_TARGET = 18.0;
				LOCALIZATION_PREFERS_STRING_CATALOGS = YES;
				MTL_ENABLE_DEBUG_INFO = INCLUDE_SOURCE;
				MTL_FAST_MATH = YES;
				ONLY_ACTIVE_ARCH = YES;
				SDKROOT = iphoneos;
				SWIFT_ACTIVE_COMPILATION_CONDITIONS = "DEBUG $(inherited)";
				SWIFT_OPTIMIZATION_LEVEL = "-Onone";
			};
			name = Debug;
		};
		E860FB5A2CC922AD0019A5CE /* Release */ = {
			isa = XCBuildConfiguration;
			buildSettings = {
				ALWAYS_SEARCH_USER_PATHS = NO;
				ASSETCATALOG_COMPILER_GENERATE_SWIFT_ASSET_SYMBOL_EXTENSIONS = YES;
				CLANG_ANALYZER_NONNULL = YES;
				CLANG_ANALYZER_NUMBER_OBJECT_CONVERSION = YES_AGGRESSIVE;
				CLANG_CXX_LANGUAGE_STANDARD = "gnu++20";
				CLANG_ENABLE_MODULES = YES;
				CLANG_ENABLE_OBJC_ARC = YES;
				CLANG_ENABLE_OBJC_WEAK = YES;
				CLANG_WARN_BLOCK_CAPTURE_AUTORELEASING = YES;
				CLANG_WARN_BOOL_CONVERSION = YES;
				CLANG_WARN_COMMA = YES;
				CLANG_WARN_CONSTANT_CONVERSION = YES;
				CLANG_WARN_DEPRECATED_OBJC_IMPLEMENTATIONS = YES;
				CLANG_WARN_DIRECT_OBJC_ISA_USAGE = YES_ERROR;
				CLANG_WARN_DOCUMENTATION_COMMENTS = YES;
				CLANG_WARN_EMPTY_BODY = YES;
				CLANG_WARN_ENUM_CONVERSION = YES;
				CLANG_WARN_INFINITE_RECURSION = YES;
				CLANG_WARN_INT_CONVERSION = YES;
				CLANG_WARN_NON_LITERAL_NULL_CONVERSION = YES;
				CLANG_WARN_OBJC_IMPLICIT_RETAIN_SELF = YES;
				CLANG_WARN_OBJC_LITERAL_CONVERSION = YES;
				CLANG_WARN_OBJC_ROOT_CLASS = YES_ERROR;
				CLANG_WARN_QUOTED_INCLUDE_IN_FRAMEWORK_HEADER = YES;
				CLANG_WARN_RANGE_LOOP_ANALYSIS = YES;
				CLANG_WARN_STRICT_PROTOTYPES = YES;
				CLANG_WARN_SUSPICIOUS_MOVE = YES;
				CLANG_WARN_UNGUARDED_AVAILABILITY = YES_AGGRESSIVE;
				CLANG_WARN_UNREACHABLE_CODE = YES;
				CLANG_WARN__DUPLICATE_METHOD_MATCH = YES;
				COPY_PHASE_STRIP = NO;
				DEBUG_INFORMATION_FORMAT = "dwarf-with-dsym";
				ENABLE_NS_ASSERTIONS = NO;
				ENABLE_STRICT_OBJC_MSGSEND = YES;
				ENABLE_USER_SCRIPT_SANDBOXING = YES;
				GCC_C_LANGUAGE_STANDARD = gnu17;
				GCC_NO_COMMON_BLOCKS = YES;
				GCC_WARN_64_TO_32_BIT_CONVERSION = YES;
				GCC_WARN_ABOUT_RETURN_TYPE = YES_ERROR;
				GCC_WARN_UNDECLARED_SELECTOR = YES;
				GCC_WARN_UNINITIALIZED_AUTOS = YES_AGGRESSIVE;
				GCC_WARN_UNUSED_FUNCTION = YES;
				GCC_WARN_UNUSED_VARIABLE = YES;
				IPHONEOS_DEPLOYMENT_TARGET = 18.0;
				LOCALIZATION_PREFERS_STRING_CATALOGS = YES;
				MTL_ENABLE_DEBUG_INFO = NO;
				MTL_FAST_MATH = YES;
				SDKROOT = iphoneos;
				SWIFT_COMPILATION_MODE = wholemodule;
				VALIDATE_PRODUCT = YES;
			};
			name = Release;
		};
		E860FB5C2CC922AD0019A5CE /* Debug */ = {
			isa = XCBuildConfiguration;
			buildSettings = {
				ASSETCATALOG_COMPILER_APPICON_NAME = AppIcon;
				ASSETCATALOG_COMPILER_GLOBAL_ACCENT_COLOR_NAME = AccentColor;
				CODE_SIGN_STYLE = Automatic;
				CURRENT_PROJECT_VERSION = 1;
				DEVELOPMENT_ASSET_PATHS = "\"ModernaSwiftv4/Preview Content\"";
				DEVELOPMENT_TEAM = 6SGQZ32758;
				ENABLE_PREVIEWS = YES;
				GENERATE_INFOPLIST_FILE = YES;
				INFOPLIST_KEY_UIApplicationSceneManifest_Generation = YES;
				INFOPLIST_KEY_UIApplicationSupportsIndirectInputEvents = YES;
				INFOPLIST_KEY_UILaunchScreen_Generation = YES;
				INFOPLIST_KEY_UISupportedInterfaceOrientations_iPad = "UIInterfaceOrientationPortrait UIInterfaceOrientationPortraitUpsideDown UIInterfaceOrientationLandscapeLeft UIInterfaceOrientationLandscapeRight";
				INFOPLIST_KEY_UISupportedInterfaceOrientations_iPhone = "UIInterfaceOrientationPortrait UIInterfaceOrientationLandscapeLeft UIInterfaceOrientationLandscapeRight";
				LD_RUNPATH_SEARCH_PATHS = (
					"$(inherited)",
					"@executable_path/Frameworks",
				);
				MARKETING_VERSION = 1.0;
				PRODUCT_BUNDLE_IDENTIFIER = se.magictechnology.ModernaSwiftv4;
				PRODUCT_NAME = "$(TARGET_NAME)";
				SWIFT_EMIT_LOC_STRINGS = YES;
				SWIFT_VERSION = 5.0;
				TARGETED_DEVICE_FAMILY = "1,2";
			};
			name = Debug;
		};
		E860FB5D2CC922AD0019A5CE /* Release */ = {
			isa = XCBuildConfiguration;
			buildSettings = {
				ASSETCATALOG_COMPILER_APPICON_NAME = AppIcon;
				ASSETCATALOG_COMPILER_GLOBAL_ACCENT_COLOR_NAME = AccentColor;
				CODE_SIGN_STYLE = Automatic;
				CURRENT_PROJECT_VERSION = 1;
				DEVELOPMENT_ASSET_PATHS = "\"ModernaSwiftv4/Preview Content\"";
				DEVELOPMENT_TEAM = 6SGQZ32758;
				ENABLE_PREVIEWS = YES;
				GENERATE_INFOPLIST_FILE = YES;
				INFOPLIST_KEY_UIApplicationSceneManifest_Generation = YES;
				INFOPLIST_KEY_UIApplicationSupportsIndirectInputEvents = YES;
				INFOPLIST_KEY_UILaunchScreen_Generation = YES;
				INFOPLIST_KEY_UISupportedInterfaceOrientations_iPad = "UIInterfaceOrientationPortrait UIInterfaceOrientationPortraitUpsideDown UIInterfaceOrientationLandscapeLeft UIInterfaceOrientationLandscapeRight";
				INFOPLIST_KEY_UISupportedInterfaceOrientations_iPhone = "UIInterfaceOrientationPortrait UIInterfaceOrientationLandscapeLeft UIInterfaceOrientationLandscapeRight";
				LD_RUNPATH_SEARCH_PATHS = (
					"$(inherited)",
					"@executable_path/Frameworks",
				);
				MARKETING_VERSION = 1.0;
				PRODUCT_BUNDLE_IDENTIFIER = se.magictechnology.ModernaSwiftv4;
				PRODUCT_NAME = "$(TARGET_NAME)";
				SWIFT_EMIT_LOC_STRINGS = YES;
				SWIFT_VERSION = 5.0;
				TARGETED_DEVICE_FAMILY = "1,2";
			};
			name = Release;
		};
		E860FB5F2CC922AD0019A5CE /* Debug */ = {
			isa = XCBuildConfiguration;
			buildSettings = {
				BUNDLE_LOADER = "$(TEST_HOST)";
				CODE_SIGN_STYLE = Automatic;
				CURRENT_PROJECT_VERSION = 1;
				DEVELOPMENT_TEAM = 6SGQZ32758;
				GENERATE_INFOPLIST_FILE = YES;
				IPHONEOS_DEPLOYMENT_TARGET = 18.0;
				MARKETING_VERSION = 1.0;
				PRODUCT_BUNDLE_IDENTIFIER = se.magictechnology.ModernaSwiftv4Tests;
				PRODUCT_NAME = "$(TARGET_NAME)";
				SWIFT_EMIT_LOC_STRINGS = NO;
				SWIFT_VERSION = 5.0;
				TARGETED_DEVICE_FAMILY = "1,2";
				TEST_HOST = "$(BUILT_PRODUCTS_DIR)/ModernaSwiftv4.app/$(BUNDLE_EXECUTABLE_FOLDER_PATH)/ModernaSwiftv4";
			};
			name = Debug;
		};
		E860FB602CC922AD0019A5CE /* Release */ = {
			isa = XCBuildConfiguration;
			buildSettings = {
				BUNDLE_LOADER = "$(TEST_HOST)";
				CODE_SIGN_STYLE = Automatic;
				CURRENT_PROJECT_VERSION = 1;
				DEVELOPMENT_TEAM = 6SGQZ32758;
				GENERATE_INFOPLIST_FILE = YES;
				IPHONEOS_DEPLOYMENT_TARGET = 18.0;
				MARKETING_VERSION = 1.0;
				PRODUCT_BUNDLE_IDENTIFIER = se.magictechnology.ModernaSwiftv4Tests;
				PRODUCT_NAME = "$(TARGET_NAME)";
				SWIFT_EMIT_LOC_STRINGS = NO;
				SWIFT_VERSION = 5.0;
				TARGETED_DEVICE_FAMILY = "1,2";
				TEST_HOST = "$(BUILT_PRODUCTS_DIR)/ModernaSwiftv4.app/$(BUNDLE_EXECUTABLE_FOLDER_PATH)/ModernaSwiftv4";
			};
			name = Release;
		};
		E860FB622CC922AD0019A5CE /* Debug */ = {
			isa = XCBuildConfiguration;
			buildSettings = {
				CODE_SIGN_STYLE = Automatic;
				CURRENT_PROJECT_VERSION = 1;
				DEVELOPMENT_TEAM = 6SGQZ32758;
				GENERATE_INFOPLIST_FILE = YES;
				MARKETING_VERSION = 1.0;
				PRODUCT_BUNDLE_IDENTIFIER = se.magictechnology.ModernaSwiftv4UITests;
				PRODUCT_NAME = "$(TARGET_NAME)";
				SWIFT_EMIT_LOC_STRINGS = NO;
				SWIFT_VERSION = 5.0;
				TARGETED_DEVICE_FAMILY = "1,2";
				TEST_TARGET_NAME = ModernaSwiftv4;
			};
			name = Debug;
		};
		E860FB632CC922AD0019A5CE /* Release */ = {
			isa = XCBuildConfiguration;
			buildSettings = {
				CODE_SIGN_STYLE = Automatic;
				CURRENT_PROJECT_VERSION = 1;
				DEVELOPMENT_TEAM = 6SGQZ32758;
				GENERATE_INFOPLIST_FILE = YES;
				MARKETING_VERSION = 1.0;
				PRODUCT_BUNDLE_IDENTIFIER = se.magictechnology.ModernaSwiftv4UITests;
				PRODUCT_NAME = "$(TARGET_NAME)";
				SWIFT_EMIT_LOC_STRINGS = NO;
				SWIFT_VERSION = 5.0;
				TARGETED_DEVICE_FAMILY = "1,2";
				TEST_TARGET_NAME = ModernaSwiftv4;
			};
			name = Release;
		};
/* End XCBuildConfiguration section */

/* Begin XCConfigurationList section */
		E860FB322CC922AB0019A5CE /* Build configuration list for PBXProject "ModernaSwiftv4" */ = {
			isa = XCConfigurationList;
			buildConfigurations = (
				E860FB592CC922AD0019A5CE /* Debug */,
				E860FB5A2CC922AD0019A5CE /* Release */,
			);
			defaultConfigurationIsVisible = 0;
			defaultConfigurationName = Release;
		};
		E860FB5B2CC922AD0019A5CE /* Build configuration list for PBXNativeTarget "ModernaSwiftv4" */ = {
			isa = XCConfigurationList;
			buildConfigurations = (
				E860FB5C2CC922AD0019A5CE /* Debug */,
				E860FB5D2CC922AD0019A5CE /* Release */,
			);
			defaultConfigurationIsVisible = 0;
			defaultConfigurationName = Release;
		};
		E860FB5E2CC922AD0019A5CE /* Build configuration list for PBXNativeTarget "ModernaSwiftv4Tests" */ = {
			isa = XCConfigurationList;
			buildConfigurations = (
				E860FB5F2CC922AD0019A5CE /* Debug */,
				E860FB602CC922AD0019A5CE /* Release */,
			);
			defaultConfigurationIsVisible = 0;
			defaultConfigurationName = Release;
		};
		E860FB612CC922AD0019A5CE /* Build configuration list for PBXNativeTarget "ModernaSwiftv4UITests" */ = {
			isa = XCConfigurationList;
			buildConfigurations = (
				E860FB622CC922AD0019A5CE /* Debug */,
				E860FB632CC922AD0019A5CE /* Release */,
			);
			defaultConfigurationIsVisible = 0;
			defaultConfigurationName = Release;
		};
/* End XCConfigurationList section */
	};
	rootObject = E860FB2F2CC922AB0019A5CE /* Project object */;
}
